
Microsoft Visual Studio Solution File, Format Version 12.00
# Visual Studio Version 17
VisualStudioVersion = 17.4.33213.308
MinimumVisualStudioVersion = 10.0.40219.1
Project("{FAE04EC0-301F-11D3-BF4B-00C04F79EFBC}") = "SignalRDemo", "SignalRDemo\SignalRDemo.csproj", "{536DF172-1FEC-4F1F-9CE7-101483A95A26}"
EndProject
Global
	GlobalSection(SolutionConfigurationPlatforms) = preSolution
		Debug|Any CPU = Debug|Any CPU
		Release|Any CPU = Release|Any CPU
	EndGlobalSection
	GlobalSection(ProjectConfigurationPlatforms) = postSolution
		{536DF172-1FEC-4F1F-9CE7-101483A95A26}.Debug|Any CPU.ActiveCfg = Debug|Any CPU
		{536DF172-1FEC-4F1F-9CE7-101483A95A26}.Debug|Any CPU.Build.0 = Debug|Any CPU
		{536DF172-1FEC-4F1F-9CE7-101483A95A26}.Release|Any CPU.ActiveCfg = Release|Any CPU
		{536DF172-1FEC-4F1F-9CE7-101483A95A26}.Release|Any CPU.Build.0 = Release|Any CPU
	EndGlobalSection
	GlobalSection(SolutionProperties) = preSolution
		HideSolutionNode = FALSE
	EndGlobalSection
	GlobalSection(ExtensibilityGlobals) = postSolution
		SolutionGuid = {13467440-C9E0-49B7-94AC-16DF64FDB270}
	EndGlobalSection
EndGlobal
